// !$*UTF8*$!
{
	archiveVersion = 1;
	classes = {
	};
	objectVersion = 50;
	objects = {

/* Begin PBXBuildFile section */
		2BF406C52664756D5BC3E61E /* Pods_Todoey.framework in Frameworks */ = {isa = PBXBuildFile; fileRef = 83745625D4251FF1664E009B /* Pods_Todoey.framework */; };
		862546372174AE920033D2D6 /* AppDelegate.swift in Sources */ = {isa = PBXBuildFile; fileRef = 862546362174AE920033D2D6 /* AppDelegate.swift */; };
		862546392174AE920033D2D6 /* TodoListViewController.swift in Sources */ = {isa = PBXBuildFile; fileRef = 862546382174AE920033D2D6 /* TodoListViewController.swift */; };
		8625463C2174AE920033D2D6 /* Main.storyboard in Resources */ = {isa = PBXBuildFile; fileRef = 8625463A2174AE920033D2D6 /* Main.storyboard */; };
		8625463E2174AE970033D2D6 /* Assets.xcassets in Resources */ = {isa = PBXBuildFile; fileRef = 8625463D2174AE970033D2D6 /* Assets.xcassets */; };
		862546412174AE970033D2D6 /* LaunchScreen.storyboard in Resources */ = {isa = PBXBuildFile; fileRef = 8625463F2174AE970033D2D6 /* LaunchScreen.storyboard */; };
		8625464B2174C8580033D2D6 /* TodoTableCell.swift in Sources */ = {isa = PBXBuildFile; fileRef = 8625464A2174C8580033D2D6 /* TodoTableCell.swift */; };
		8652FDD12188D6C000E117B7 /* SwipeTableViewController.swift in Sources */ = {isa = PBXBuildFile; fileRef = 8652FDD02188D6C000E117B7 /* SwipeTableViewController.swift */; };
		865BE1F2217B5EFA00EB550B /* CategoryViewController.swift in Sources */ = {isa = PBXBuildFile; fileRef = 865BE1F1217B5EFA00EB550B /* CategoryViewController.swift */; };
		865BE1F4217B8A8B00EB550B /* CategoryCell.swift in Sources */ = {isa = PBXBuildFile; fileRef = 865BE1F3217B8A8B00EB550B /* CategoryCell.swift */; };
		865BE1FA217CDF5C00EB550B /* Item.swift in Sources */ = {isa = PBXBuildFile; fileRef = 865BE1F9217CDF5C00EB550B /* Item.swift */; };
		865BE1FC217CE00C00EB550B /* Category.swift in Sources */ = {isa = PBXBuildFile; fileRef = 865BE1FB217CE00C00EB550B /* Category.swift */; };
/* End PBXBuildFile section */

/* Begin PBXFileReference section */
		2801ADA71CFF7286FF4FD737 /* Pods-Todoey.debug.xcconfig */ = {isa = PBXFileReference; includeInIndex = 1; lastKnownFileType = text.xcconfig; name = "Pods-Todoey.debug.xcconfig"; path = "Pods/Target Support Files/Pods-Todoey/Pods-Todoey.debug.xcconfig"; sourceTree = "<group>"; };
		446B01E447BE39807BFDDBAC /* Pods-Todoey.release.xcconfig */ = {isa = PBXFileReference; includeInIndex = 1; lastKnownFileType = text.xcconfig; name = "Pods-Todoey.release.xcconfig"; path = "Pods/Target Support Files/Pods-Todoey/Pods-Todoey.release.xcconfig"; sourceTree = "<group>"; };
		83745625D4251FF1664E009B /* Pods_Todoey.framework */ = {isa = PBXFileReference; explicitFileType = wrapper.framework; includeInIndex = 0; path = Pods_Todoey.framework; sourceTree = BUILT_PRODUCTS_DIR; };
		862546332174AE920033D2D6 /* Todoey.app */ = {isa = PBXFileReference; explicitFileType = wrapper.application; includeInIndex = 0; path = Todoey.app; sourceTree = BUILT_PRODUCTS_DIR; };
		862546362174AE920033D2D6 /* AppDelegate.swift */ = {isa = PBXFileReference; lastKnownFileType = sourcecode.swift; path = AppDelegate.swift; sourceTree = "<group>"; };
		862546382174AE920033D2D6 /* TodoListViewController.swift */ = {isa = PBXFileReference; lastKnownFileType = sourcecode.swift; path = TodoListViewController.swift; sourceTree = "<group>"; };
		8625463B2174AE920033D2D6 /* Base */ = {isa = PBXFileReference; lastKnownFileType = file.storyboard; name = Base; path = Base.lproj/Main.storyboard; sourceTree = "<group>"; };
		8625463D2174AE970033D2D6 /* Assets.xcassets */ = {isa = PBXFileReference; lastKnownFileType = folder.assetcatalog; path = Assets.xcassets; sourceTree = "<group>"; };
		862546402174AE970033D2D6 /* Base */ = {isa = PBXFileReference; lastKnownFileType = file.storyboard; name = Base; path = Base.lproj/LaunchScreen.storyboard; sourceTree = "<group>"; };
		862546422174AE970033D2D6 /* Info.plist */ = {isa = PBXFileReference; lastKnownFileType = text.plist.xml; path = Info.plist; sourceTree = "<group>"; };
		8625464A2174C8580033D2D6 /* TodoTableCell.swift */ = {isa = PBXFileReference; lastKnownFileType = sourcecode.swift; path = TodoTableCell.swift; sourceTree = "<group>"; };
		8652FDD02188D6C000E117B7 /* SwipeTableViewController.swift */ = {isa = PBXFileReference; lastKnownFileType = sourcecode.swift; path = SwipeTableViewController.swift; sourceTree = "<group>"; };
		865BE1F1217B5EFA00EB550B /* CategoryViewController.swift */ = {isa = PBXFileReference; lastKnownFileType = sourcecode.swift; path = CategoryViewController.swift; sourceTree = "<group>"; };
		865BE1F3217B8A8B00EB550B /* CategoryCell.swift */ = {isa = PBXFileReference; lastKnownFileType = sourcecode.swift; path = CategoryCell.swift; sourceTree = "<group>"; };
		865BE1F9217CDF5C00EB550B /* Item.swift */ = {isa = PBXFileReference; lastKnownFileType = sourcecode.swift; path = Item.swift; sourceTree = "<group>"; };
		865BE1FB217CE00C00EB550B /* Category.swift */ = {isa = PBXFileReference; lastKnownFileType = sourcecode.swift; path = Category.swift; sourceTree = "<group>"; };
/* End PBXFileReference section */

/* Begin PBXFrameworksBuildPhase section */
		862546302174AE920033D2D6 /* Frameworks */ = {
			isa = PBXFrameworksBuildPhase;
			buildActionMask = 2147483647;
			files = (
				2BF406C52664756D5BC3E61E /* Pods_Todoey.framework in Frameworks */,
			);
			runOnlyForDeploymentPostprocessing = 0;
		};
/* End PBXFrameworksBuildPhase section */

/* Begin PBXGroup section */
		07889BCD375E72EA0F68A3FE /* Pods */ = {
			isa = PBXGroup;
			children = (
				2801ADA71CFF7286FF4FD737 /* Pods-Todoey.debug.xcconfig */,
				446B01E447BE39807BFDDBAC /* Pods-Todoey.release.xcconfig */,
			);
			name = Pods;
			sourceTree = "<group>";
		};
		8625462A2174AE920033D2D6 = {
			isa = PBXGroup;
			children = (
				862546352174AE920033D2D6 /* Todoey */,
				862546342174AE920033D2D6 /* Products */,
				07889BCD375E72EA0F68A3FE /* Pods */,
				C6BABCA1A4382431BB4C0E2D /* Frameworks */,
			);
			sourceTree = "<group>";
		};
		862546342174AE920033D2D6 /* Products */ = {
			isa = PBXGroup;
			children = (
				862546332174AE920033D2D6 /* Todoey.app */,
			);
			name = Products;
			sourceTree = "<group>";
		};
		862546352174AE920033D2D6 /* Todoey */ = {
			isa = PBXGroup;
			children = (
				8625464A2174C8580033D2D6 /* TodoTableCell.swift */,
				865BE1F3217B8A8B00EB550B /* CategoryCell.swift */,
				862546362174AE920033D2D6 /* AppDelegate.swift */,
				8690A747217869E9002163F9 /* Controllers */,
				8690A74A21786A3B002163F9 /* Views */,
				8690A74921786A01002163F9 /* Data Model */,
				8690A748217869F5002163F9 /* Supporting Files */,
				862546422174AE970033D2D6 /* Info.plist */,
			);
			path = Todoey;
			sourceTree = "<group>";
		};
		8690A747217869E9002163F9 /* Controllers */ = {
			isa = PBXGroup;
			children = (
				8652FDD02188D6C000E117B7 /* SwipeTableViewController.swift */,
				865BE1F1217B5EFA00EB550B /* CategoryViewController.swift */,
				862546382174AE920033D2D6 /* TodoListViewController.swift */,
			);
			path = Controllers;
			sourceTree = "<group>";
		};
		8690A748217869F5002163F9 /* Supporting Files */ = {
			isa = PBXGroup;
			children = (
				8625463D2174AE970033D2D6 /* Assets.xcassets */,
				8625463F2174AE970033D2D6 /* LaunchScreen.storyboard */,
			);
			path = "Supporting Files";
			sourceTree = "<group>";
		};
		8690A74921786A01002163F9 /* Data Model */ = {
			isa = PBXGroup;
			children = (
				865BE1FB217CE00C00EB550B /* Category.swift */,
				865BE1F9217CDF5C00EB550B /* Item.swift */,
			);
			path = "Data Model";
			sourceTree = "<group>";
		};
		8690A74A21786A3B002163F9 /* Views */ = {
			isa = PBXGroup;
			children = (
				8625463A2174AE920033D2D6 /* Main.storyboard */,
			);
			path = Views;
			sourceTree = "<group>";
		};
		C6BABCA1A4382431BB4C0E2D /* Frameworks */ = {
			isa = PBXGroup;
			children = (
				83745625D4251FF1664E009B /* Pods_Todoey.framework */,
			);
			name = Frameworks;
			sourceTree = "<group>";
		};
/* End PBXGroup section */

/* Begin PBXNativeTarget section */
		862546322174AE920033D2D6 /* Todoey */ = {
			isa = PBXNativeTarget;
			buildConfigurationList = 862546452174AE970033D2D6 /* Build configuration list for PBXNativeTarget "Todoey" */;
			buildPhases = (
				1AB04F4FF190F930C1DEB7AB /* [CP] Check Pods Manifest.lock */,
				8625462F2174AE920033D2D6 /* Sources */,
				862546302174AE920033D2D6 /* Frameworks */,
				862546312174AE920033D2D6 /* Resources */,
				AFBC378B9546E223E719B650 /* [CP] Embed Pods Frameworks */,
			);
			buildRules = (
			);
			dependencies = (
			);
			name = Todoey;
			productName = Todoey;
			productReference = 862546332174AE920033D2D6 /* Todoey.app */;
			productType = "com.apple.product-type.application";
		};
/* End PBXNativeTarget section */

/* Begin PBXProject section */
		8625462B2174AE920033D2D6 /* Project object */ = {
			isa = PBXProject;
			attributes = {
				LastSwiftUpdateCheck = 0940;
				LastUpgradeCheck = 0940;
				ORGANIZATIONNAME = "Kartheek Sabbisetty";
				TargetAttributes = {
					862546322174AE920033D2D6 = {
						CreatedOnToolsVersion = 9.4.1;
					};
				};
			};
			buildConfigurationList = 8625462E2174AE920033D2D6 /* Build configuration list for PBXProject "Todoey" */;
			compatibilityVersion = "Xcode 9.3";
			developmentRegion = en;
			hasScannedForEncodings = 0;
			knownRegions = (
				en,
				Base,
			);
			mainGroup = 8625462A2174AE920033D2D6;
			productRefGroup = 862546342174AE920033D2D6 /* Products */;
			projectDirPath = "";
			projectRoot = "";
			targets = (
				862546322174AE920033D2D6 /* Todoey */,
			);
		};
/* End PBXProject section */

/* Begin PBXResourcesBuildPhase section */
		862546312174AE920033D2D6 /* Resources */ = {
			isa = PBXResourcesBuildPhase;
			buildActionMask = 2147483647;
			files = (
				862546412174AE970033D2D6 /* LaunchScreen.storyboard in Resources */,
				8625463E2174AE970033D2D6 /* Assets.xcassets in Resources */,
				8625463C2174AE920033D2D6 /* Main.storyboard in Resources */,
			);
			runOnlyForDeploymentPostprocessing = 0;
		};
/* End PBXResourcesBuildPhase section */

/* Begin PBXShellScriptBuildPhase section */
		1AB04F4FF190F930C1DEB7AB /* [CP] Check Pods Manifest.lock */ = {
			isa = PBXShellScriptBuildPhase;
			buildActionMask = 2147483647;
			files = (
			);
			inputPaths = (
				"${PODS_PODFILE_DIR_PATH}/Podfile.lock",
				"${PODS_ROOT}/Manifest.lock",
			);
			name = "[CP] Check Pods Manifest.lock";
			outputPaths = (
				"$(DERIVED_FILE_DIR)/Pods-Todoey-checkManifestLockResult.txt",
			);
			runOnlyForDeploymentPostprocessing = 0;
			shellPath = /bin/sh;
			shellScript = "diff \"${PODS_PODFILE_DIR_PATH}/Podfile.lock\" \"${PODS_ROOT}/Manifest.lock\" > /dev/null\nif [ $? != 0 ] ; then\n    # print error to STDERR\n    echo \"error: The sandbox is not in sync with the Podfile.lock. Run 'pod install' or update your CocoaPods installation.\" >&2\n    exit 1\nfi\n# This output is used by Xcode 'outputs' to avoid re-running this script phase.\necho \"SUCCESS\" > \"${SCRIPT_OUTPUT_FILE_0}\"\n";
			showEnvVarsInLog = 0;
		};
		AFBC378B9546E223E719B650 /* [CP] Embed Pods Frameworks */ = {
			isa = PBXShellScriptBuildPhase;
			buildActionMask = 2147483647;
			files = (
			);
			inputPaths = (
				"${SRCROOT}/Pods/Target Support Files/Pods-Todoey/Pods-Todoey-frameworks.sh",
				"${BUILT_PRODUCTS_DIR}/ChameleonFramework/ChameleonFramework.framework",
				"${BUILT_PRODUCTS_DIR}/Realm/Realm.framework",
				"${BUILT_PRODUCTS_DIR}/RealmSwift/RealmSwift.framework",
				"${BUILT_PRODUCTS_DIR}/SwipeCellKit/SwipeCellKit.framework",
			);
			name = "[CP] Embed Pods Frameworks";
			outputPaths = (
				"${TARGET_BUILD_DIR}/${FRAMEWORKS_FOLDER_PATH}/ChameleonFramework.framework",
				"${TARGET_BUILD_DIR}/${FRAMEWORKS_FOLDER_PATH}/Realm.framework",
				"${TARGET_BUILD_DIR}/${FRAMEWORKS_FOLDER_PATH}/RealmSwift.framework",
				"${TARGET_BUILD_DIR}/${FRAMEWORKS_FOLDER_PATH}/SwipeCellKit.framework",
			);
			runOnlyForDeploymentPostprocessing = 0;
			shellPath = /bin/sh;
			shellScript = "\"${SRCROOT}/Pods/Target Support Files/Pods-Todoey/Pods-Todoey-frameworks.sh\"\n";
			showEnvVarsInLog = 0;
		};
/* End PBXShellScriptBuildPhase section */

/* Begin PBXSourcesBuildPhase section */
		8625462F2174AE920033D2D6 /* Sources */ = {
			isa = PBXSourcesBuildPhase;
			buildActionMask = 2147483647;
			files = (
				8652FDD12188D6C000E117B7 /* SwipeTableViewController.swift in Sources */,
				865BE1F2217B5EFA00EB550B /* CategoryViewController.swift in Sources */,
				862546392174AE920033D2D6 /* TodoListViewController.swift in Sources */,
				862546372174AE920033D2D6 /* AppDelegate.swift in Sources */,
				8625464B2174C8580033D2D6 /* TodoTableCell.swift in Sources */,
				865BE1FA217CDF5C00EB550B /* Item.swift in Sources */,
				865BE1F4217B8A8B00EB550B /* CategoryCell.swift in Sources */,
				865BE1FC217CE00C00EB550B /* Category.swift in Sources */,
			);
			runOnlyForDeploymentPostprocessing = 0;
		};
/* End PBXSourcesBuildPhase section */

/* Begin PBXVariantGroup section */
		8625463A2174AE920033D2D6 /* Main.storyboard */ = {
			isa = PBXVariantGroup;
			children = (
				8625463B2174AE920033D2D6 /* Base */,
			);
			name = Main.storyboard;
			sourceTree = "<group>";
		};
		8625463F2174AE970033D2D6 /* LaunchScreen.storyboard */ = {
			isa = PBXVariantGroup;
			children = (
				862546402174AE970033D2D6 /* Base */,
			);
			name = LaunchScreen.storyboard;
			sourceTree = "<group>";
		};
/* End PBXVariantGroup section */

/* Begin XCBuildConfiguration section */
		862546432174AE970033D2D6 /* Debug */ = {
			isa = XCBuildConfiguration;
			buildSettings = {
				ALWAYS_SEARCH_USER_PATHS = NO;
				CLANG_ANALYZER_NONNULL = YES;
				CLANG_ANALYZER_NUMBER_OBJECT_CONVERSION = YES_AGGRESSIVE;
				CLANG_CXX_LANGUAGE_STANDARD = "gnu++14";
				CLANG_CXX_LIBRARY = "libc++";
				CLANG_ENABLE_MODULES = YES;
				CLANG_ENABLE_OBJC_ARC = YES;
				CLANG_ENABLE_OBJC_WEAK = YES;
				CLANG_WARN_BLOCK_CAPTURE_AUTORELEASING = YES;
				CLANG_WARN_BOOL_CONVERSION = YES;
				CLANG_WARN_COMMA = YES;
				CLANG_WARN_CONSTANT_CONVERSION = YES;
				CLANG_WARN_DEPRECATED_OBJC_IMPLEMENTATIONS = YES;
				CLANG_WARN_DIRECT_OBJC_ISA_USAGE = YES_ERROR;
				CLANG_WARN_DOCUMENTATION_COMMENTS = YES;
				CLANG_WARN_EMPTY_BODY = YES;
				CLANG_WARN_ENUM_CONVERSION = YES;
				CLANG_WARN_INFINITE_RECURSION = YES;
				CLANG_WARN_INT_CONVERSION = YES;
				CLANG_WARN_NON_LITERAL_NULL_CONVERSION = YES;
				CLANG_WARN_OBJC_IMPLICIT_RETAIN_SELF = YES;
				CLANG_WARN_OBJC_LITERAL_CONVERSION = YES;
				CLANG_WARN_OBJC_ROOT_CLASS = YES_ERROR;
				CLANG_WARN_RANGE_LOOP_ANALYSIS = YES;
				CLANG_WARN_STRICT_PROTOTYPES = YES;
				CLANG_WARN_SUSPICIOUS_MOVE = YES;
				CLANG_WARN_UNGUARDED_AVAILABILITY = YES_AGGRESSIVE;
				CLANG_WARN_UNREACHABLE_CODE = YES;
				CLANG_WARN__DUPLICATE_METHOD_MATCH = YES;
				CODE_SIGN_IDENTITY = "iPhone Developer";
				COPY_PHASE_STRIP = NO;
				DEBUG_INFORMATION_FORMAT = dwarf;
				ENABLE_STRICT_OBJC_MSGSEND = YES;
				ENABLE_TESTABILITY = YES;
				GCC_C_LANGUAGE_STANDARD = gnu11;
				GCC_DYNAMIC_NO_PIC = NO;
				GCC_NO_COMMON_BLOCKS = YES;
				GCC_OPTIMIZATION_LEVEL = 0;
				GCC_PREPROCESSOR_DEFINITIONS = (
					"DEBUG=1",
					"$(inherited)",
				);
				GCC_WARN_64_TO_32_BIT_CONVERSION = YES;
				GCC_WARN_ABOUT_RETURN_TYPE = YES_ERROR;
				GCC_WARN_UNDECLARED_SELECTOR = YES;
				GCC_WARN_UNINITIALIZED_AUTOS = YES_AGGRESSIVE;
				GCC_WARN_UNUSED_FUNCTION = YES;
				GCC_WARN_UNUSED_VARIABLE = YES;
				IPHONEOS_DEPLOYMENT_TARGET = 11.4;
				MTL_ENABLE_DEBUG_INFO = YES;
				ONLY_ACTIVE_ARCH = YES;
				SDKROOT = iphoneos;
				SWIFT_ACTIVE_COMPILATION_CONDITIONS = DEBUG;
				SWIFT_OPTIMIZATION_LEVEL = "-Onone";
			};
			name = Debug;
		};
		862546442174AE970033D2D6 /* Release */ = {
			isa = XCBuildConfiguration;
			buildSettings = {
				ALWAYS_SEARCH_USER_PATHS = NO;
				CLANG_ANALYZER_NONNULL = YES;
				CLANG_ANALYZER_NUMBER_OBJECT_CONVERSION = YES_AGGRESSIVE;
				CLANG_CXX_LANGUAGE_STANDARD = "gnu++14";
				CLANG_CXX_LIBRARY = "libc++";
				CLANG_ENABLE_MODULES = YES;
				CLANG_ENABLE_OBJC_ARC = YES;
				CLANG_ENABLE_OBJC_WEAK = YES;
				CLANG_WARN_BLOCK_CAPTURE_AUTORELEASING = YES;
				CLANG_WARN_BOOL_CONVERSION = YES;
				CLANG_WARN_COMMA = YES;
				CLANG_WARN_CONSTANT_CONVERSION = YES;
				CLANG_WARN_DEPRECATED_OBJC_IMPLEMENTATIONS = YES;
				CLANG_WARN_DIRECT_OBJC_ISA_USAGE = YES_ERROR;
				CLANG_WARN_DOCUMENTATION_COMMENTS = YES;
				CLANG_WARN_EMPTY_BODY = YES;
				CLANG_WARN_ENUM_CONVERSION = YES;
				CLANG_WARN_INFINITE_RECURSION = YES;
				CLANG_WARN_INT_CONVERSION = YES;
				CLANG_WARN_NON_LITERAL_NULL_CONVERSION = YES;
				CLANG_WARN_OBJC_IMPLICIT_RETAIN_SELF = YES;
				CLANG_WARN_OBJC_LITERAL_CONVERSION = YES;
				CLANG_WARN_OBJC_ROOT_CLASS = YES_ERROR;
				CLANG_WARN_RANGE_LOOP_ANALYSIS = YES;
				CLANG_WARN_STRICT_PROTOTYPES = YES;
				CLANG_WARN_SUSPICIOUS_MOVE = YES;
				CLANG_WARN_UNGUARDED_AVAILABILITY = YES_AGGRESSIVE;
				CLANG_WARN_UNREACHABLE_CODE = YES;
				CLANG_WARN__DUPLICATE_METHOD_MATCH = YES;
				CODE_SIGN_IDENTITY = "iPhone Developer";
				COPY_PHASE_STRIP = NO;
				DEBUG_INFORMATION_FORMAT = "dwarf-with-dsym";
				ENABLE_NS_ASSERTIONS = NO;
				ENABLE_STRICT_OBJC_MSGSEND = YES;
				GCC_C_LANGUAGE_STANDARD = gnu11;
				GCC_NO_COMMON_BLOCKS = YES;
				GCC_WARN_64_TO_32_BIT_CONVERSION = YES;
				GCC_WARN_ABOUT_RETURN_TYPE = YES_ERROR;
				GCC_WARN_UNDECLARED_SELECTOR = YES;
				GCC_WARN_UNINITIALIZED_AUTOS = YES_AGGRESSIVE;
				GCC_WARN_UNUSED_FUNCTION = YES;
				GCC_WARN_UNUSED_VARIABLE = YES;
				IPHONEOS_DEPLOYMENT_TARGET = 11.4;
				MTL_ENABLE_DEBUG_INFO = NO;
				SDKROOT = iphoneos;
				SWIFT_COMPILATION_MODE = wholemodule;
				SWIFT_OPTIMIZATION_LEVEL = "-O";
				VALIDATE_PRODUCT = YES;
			};
			name = Release;
		};
		862546462174AE970033D2D6 /* Debug */ = {
			isa = XCBuildConfiguration;
			baseConfigurationReference = 2801ADA71CFF7286FF4FD737 /* Pods-Todoey.debug.xcconfig */;
			buildSettings = {
				ASSETCATALOG_COMPILER_APPICON_NAME = AppIcon;
				CODE_SIGN_STYLE = Automatic;
				INFOPLIST_FILE = Todoey/Info.plist;
				LD_RUNPATH_SEARCH_PATHS = (
					"$(inherited)",
					"@executable_path/Frameworks",
				);
				PRODUCT_BUNDLE_IDENTIFIER = com.kartheeks.Todoey;
				PRODUCT_NAME = "$(TARGET_NAME)";
				SWIFT_VERSION = 4.0;
				TARGETED_DEVICE_FAMILY = "1,2";
			};
			name = Debug;
		};
		862546472174AE970033D2D6 /* Release */ = {
			isa = XCBuildConfiguration;
			baseConfigurationReference = 446B01E447BE39807BFDDBAC /* Pods-Todoey.release.xcconfig */;
			buildSettings = {
				ASSETCATALOG_COMPILER_APPICON_NAME = AppIcon;
				CODE_SIGN_STYLE = Automatic;
				INFOPLIST_FILE = Todoey/Info.plist;
				LD_RUNPATH_SEARCH_PATHS = (
					"$(inherited)",
					"@executable_path/Frameworks",
				);
				PRODUCT_BUNDLE_IDENTIFIER = com.kartheeks.Todoey;
				PRODUCT_NAME = "$(TARGET_NAME)";
				SWIFT_VERSION = 4.0;
				TARGETED_DEVICE_FAMILY = "1,2";
			};
			name = Release;
		};
/* End XCBuildConfiguration section */

/* Begin XCConfigurationList section */
		8625462E2174AE920033D2D6 /* Build configuration list for PBXProject "Todoey" */ = {
			isa = XCConfigurationList;
			buildConfigurations = (
				862546432174AE970033D2D6 /* Debug */,
				862546442174AE970033D2D6 /* Release */,
			);
			defaultConfigurationIsVisible = 0;
			defaultConfigurationName = Release;
		};
		862546452174AE970033D2D6 /* Build configuration list for PBXNativeTarget "Todoey" */ = {
			isa = XCConfigurationList;
			buildConfigurations = (
				862546462174AE970033D2D6 /* Debug */,
				862546472174AE970033D2D6 /* Release */,
			);
			defaultConfigurationIsVisible = 0;
			defaultConfigurationName = Release;
		};
/* End XCConfigurationList section */
	};
	rootObject = 8625462B2174AE920033D2D6 /* Project object */;
}
